
Microsoft Visual Studio Solution File, Format Version 12.00
# Visual Studio Version 17
VisualStudioVersion = 17.2.32519.379
MinimumVisualStudioVersion = 10.0.40219.1
Project("{FAE04EC0-301F-11D3-BF4B-00C04F79EFBC}") = "Array", "Array\Array.csproj", "{A24251A5-BB84-49CD-A1C2-8732EBC13A51}"
EndProject
Global
	GlobalSection(SolutionConfigurationPlatforms) = preSolution
		Debug|Any CPU = Debug|Any CPU
		Release|Any CPU = Release|Any CPU
	EndGlobalSection
	GlobalSection(ProjectConfigurationPlatforms) = postSolution
		{A24251A5-BB84-49CD-A1C2-8732EBC13A51}.Debug|Any CPU.ActiveCfg = Debug|Any CPU
		{A24251A5-BB84-49CD-A1C2-8732EBC13A51}.Debug|Any CPU.Build.0 = Debug|Any CPU
		{A24251A5-BB84-49CD-A1C2-8732EBC13A51}.Release|Any CPU.ActiveCfg = Release|Any CPU
		{A24251A5-BB84-49CD-A1C2-8732EBC13A51}.Release|Any CPU.Build.0 = Release|Any CPU
	EndGlobalSection
	GlobalSection(SolutionProperties) = preSolution
		HideSolutionNode = FALSE
	EndGlobalSection
	GlobalSection(ExtensibilityGlobals) = postSolution
		SolutionGuid = {B8971174-ABE8-42F0-993D-3B0D7D9964A1}
	EndGlobalSection
EndGlobal
